// !$*UTF8*$!
{
	archiveVersion = 1;
	classes = {
	};
	objectVersion = 56;
	objects = {

/* Begin PBXBuildFile section */
		D987C54F2A469ED400E39590 /* UnusefulApp.swift in Sources */ = {isa = PBXBuildFile; fileRef = D987C54E2A469ED400E39590 /* UnusefulApp.swift */; };
		D987C5512A469ED400E39590 /* ContentView.swift in Sources */ = {isa = PBXBuildFile; fileRef = D987C5502A469ED400E39590 /* ContentView.swift */; };
		D987C5532A469ED600E39590 /* Assets.xcassets in Resources */ = {isa = PBXBuildFile; fileRef = D987C5522A469ED600E39590 /* Assets.xcassets */; };
		D987C5572A469ED600E39590 /* Preview Assets.xcassets in Resources */ = {isa = PBXBuildFile; fileRef = D987C5562A469ED600E39590 /* Preview Assets.xcassets */; };
		D987C5612A469ED600E39590 /* UnusefulTests.swift in Sources */ = {isa = PBXBuildFile; fileRef = D987C5602A469ED600E39590 /* UnusefulTests.swift */; };
		D987C56B2A469ED600E39590 /* UnusefulUITests.swift in Sources */ = {isa = PBXBuildFile; fileRef = D987C56A2A469ED600E39590 /* UnusefulUITests.swift */; };
		D987C56D2A469ED600E39590 /* UnusefulUITestsLaunchTests.swift in Sources */ = {isa = PBXBuildFile; fileRef = D987C56C2A469ED600E39590 /* UnusefulUITestsLaunchTests.swift */; };
		D9DADFF42A4EC6DD0054E423 /* photoView.swift in Sources */ = {isa = PBXBuildFile; fileRef = D9DADFF32A4EC6DD0054E423 /* photoView.swift */; };
		D9DADFF62A4EC7110054E423 /* starView.swift in Sources */ = {isa = PBXBuildFile; fileRef = D9DADFF52A4EC7110054E423 /* starView.swift */; };
		D9DADFF82A4EC71E0054E423 /* quoteView.swift in Sources */ = {isa = PBXBuildFile; fileRef = D9DADFF72A4EC71E0054E423 /* quoteView.swift */; };
		D9DAE0312A4F263D0054E423 /* homeView.swift in Sources */ = {isa = PBXBuildFile; fileRef = D9DAE0302A4F263D0054E423 /* homeView.swift */; };
		D9DAE0332A4F26500054E423 /* creditView.swift in Sources */ = {isa = PBXBuildFile; fileRef = D9DAE0322A4F26500054E423 /* creditView.swift */; };
/* End PBXBuildFile section */

/* Begin PBXContainerItemProxy section */
		D987C55D2A469ED600E39590 /* PBXContainerItemProxy */ = {
			isa = PBXContainerItemProxy;
			containerPortal = D987C5432A469ED400E39590 /* Project object */;
			proxyType = 1;
			remoteGlobalIDString = D987C54A2A469ED400E39590;
			remoteInfo = Unuseful;
		};
		D987C5672A469ED600E39590 /* PBXContainerItemProxy */ = {
			isa = PBXContainerItemProxy;
			containerPortal = D987C5432A469ED400E39590 /* Project object */;
			proxyType = 1;
			remoteGlobalIDString = D987C54A2A469ED400E39590;
			remoteInfo = Unuseful;
		};
/* End PBXContainerItemProxy section */

/* Begin PBXFileReference section */
		D987C54B2A469ED400E39590 /* Unuseful.app */ = {isa = PBXFileReference; explicitFileType = wrapper.application; includeInIndex = 0; path = Unuseful.app; sourceTree = BUILT_PRODUCTS_DIR; };
		D987C54E2A469ED400E39590 /* UnusefulApp.swift */ = {isa = PBXFileReference; lastKnownFileType = sourcecode.swift; path = UnusefulApp.swift; sourceTree = "<group>"; };
		D987C5502A469ED400E39590 /* ContentView.swift */ = {isa = PBXFileReference; lastKnownFileType = sourcecode.swift; path = ContentView.swift; sourceTree = "<group>"; };
		D987C5522A469ED600E39590 /* Assets.xcassets */ = {isa = PBXFileReference; lastKnownFileType = folder.assetcatalog; path = Assets.xcassets; sourceTree = "<group>"; };
		D987C5542A469ED600E39590 /* Unuseful.entitlements */ = {isa = PBXFileReference; lastKnownFileType = text.plist.entitlements; path = Unuseful.entitlements; sourceTree = "<group>"; };
		D987C5562A469ED600E39590 /* Preview Assets.xcassets */ = {isa = PBXFileReference; lastKnownFileType = folder.assetcatalog; path = "Preview Assets.xcassets"; sourceTree = "<group>"; };
		D987C55C2A469ED600E39590 /* UnusefulTests.xctest */ = {isa = PBXFileReference; explicitFileType = wrapper.cfbundle; includeInIndex = 0; path = UnusefulTests.xctest; sourceTree = BUILT_PRODUCTS_DIR; };
		D987C5602A469ED600E39590 /* UnusefulTests.swift */ = {isa = PBXFileReference; lastKnownFileType = sourcecode.swift; path = UnusefulTests.swift; sourceTree = "<group>"; };
		D987C5662A469ED600E39590 /* UnusefulUITests.xctest */ = {isa = PBXFileReference; explicitFileType = wrapper.cfbundle; includeInIndex = 0; path = UnusefulUITests.xctest; sourceTree = BUILT_PRODUCTS_DIR; };
		D987C56A2A469ED600E39590 /* UnusefulUITests.swift */ = {isa = PBXFileReference; lastKnownFileType = sourcecode.swift; path = UnusefulUITests.swift; sourceTree = "<group>"; };
		D987C56C2A469ED600E39590 /* UnusefulUITestsLaunchTests.swift */ = {isa = PBXFileReference; lastKnownFileType = sourcecode.swift; path = UnusefulUITestsLaunchTests.swift; sourceTree = "<group>"; };
		D9DADFF32A4EC6DD0054E423 /* photoView.swift */ = {isa = PBXFileReference; lastKnownFileType = sourcecode.swift; path = photoView.swift; sourceTree = "<group>"; };
		D9DADFF52A4EC7110054E423 /* starView.swift */ = {isa = PBXFileReference; lastKnownFileType = sourcecode.swift; path = starView.swift; sourceTree = "<group>"; };
		D9DADFF72A4EC71E0054E423 /* quoteView.swift */ = {isa = PBXFileReference; lastKnownFileType = sourcecode.swift; path = quoteView.swift; sourceTree = "<group>"; };
		D9DAE0302A4F263D0054E423 /* homeView.swift */ = {isa = PBXFileReference; lastKnownFileType = sourcecode.swift; path = homeView.swift; sourceTree = "<group>"; };
		D9DAE0322A4F26500054E423 /* creditView.swift */ = {isa = PBXFileReference; lastKnownFileType = sourcecode.swift; path = creditView.swift; sourceTree = "<group>"; };
/* End PBXFileReference section */

/* Begin PBXFrameworksBuildPhase section */
		D987C5482A469ED400E39590 /* Frameworks */ = {
			isa = PBXFrameworksBuildPhase;
			buildActionMask = 2147483647;
			files = (
			);
			runOnlyForDeploymentPostprocessing = 0;
		};
		D987C5592A469ED600E39590 /* Frameworks */ = {
			isa = PBXFrameworksBuildPhase;
			buildActionMask = 2147483647;
			files = (
			);
			runOnlyForDeploymentPostprocessing = 0;
		};
		D987C5632A469ED600E39590 /* Frameworks */ = {
			isa = PBXFrameworksBuildPhase;
			buildActionMask = 2147483647;
			files = (
			);
			runOnlyForDeploymentPostprocessing = 0;
		};
/* End PBXFrameworksBuildPhase section */

/* Begin PBXGroup section */
		D987C5422A469ED400E39590 = {
			isa = PBXGroup;
			children = (
				D987C54D2A469ED400E39590 /* Unuseful */,
				D987C55F2A469ED600E39590 /* UnusefulTests */,
				D987C5692A469ED600E39590 /* UnusefulUITests */,
				D987C54C2A469ED400E39590 /* Products */,
			);
			sourceTree = "<group>";
		};
		D987C54C2A469ED400E39590 /* Products */ = {
			isa = PBXGroup;
			children = (
				D987C54B2A469ED400E39590 /* Unuseful.app */,
				D987C55C2A469ED600E39590 /* UnusefulTests.xctest */,
				D987C5662A469ED600E39590 /* UnusefulUITests.xctest */,
			);
			name = Products;
			sourceTree = "<group>";
		};
		D987C54D2A469ED400E39590 /* Unuseful */ = {
			isa = PBXGroup;
			children = (
				D987C54E2A469ED400E39590 /* UnusefulApp.swift */,
				D987C5502A469ED400E39590 /* ContentView.swift */,
				D9DADFF32A4EC6DD0054E423 /* photoView.swift */,
				D9DADFF52A4EC7110054E423 /* starView.swift */,
				D9DAE0302A4F263D0054E423 /* homeView.swift */,
				D9DADFF72A4EC71E0054E423 /* quoteView.swift */,
				D9DAE0322A4F26500054E423 /* creditView.swift */,
				D987C5522A469ED600E39590 /* Assets.xcassets */,
				D987C5542A469ED600E39590 /* Unuseful.entitlements */,
				D987C5552A469ED600E39590 /* Preview Content */,
			);
			path = Unuseful;
			sourceTree = "<group>";
		};
		D987C5552A469ED600E39590 /* Preview Content */ = {
			isa = PBXGroup;
			children = (
				D987C5562A469ED600E39590 /* Preview Assets.xcassets */,
			);
			path = "Preview Content";
			sourceTree = "<group>";
		};
		D987C55F2A469ED600E39590 /* UnusefulTests */ = {
			isa = PBXGroup;
			children = (
				D987C5602A469ED600E39590 /* UnusefulTests.swift */,
			);
			path = UnusefulTests;
			sourceTree = "<group>";
		};
		D987C5692A469ED600E39590 /* UnusefulUITests */ = {
			isa = PBXGroup;
			children = (
				D987C56A2A469ED600E39590 /* UnusefulUITests.swift */,
				D987C56C2A469ED600E39590 /* UnusefulUITestsLaunchTests.swift */,
			);
			path = UnusefulUITests;
			sourceTree = "<group>";
		};
/* End PBXGroup section */

/* Begin PBXNativeTarget section */
		D987C54A2A469ED400E39590 /* Unuseful */ = {
			isa = PBXNativeTarget;
			buildConfigurationList = D987C5702A469ED600E39590 /* Build configuration list for PBXNativeTarget "Unuseful" */;
			buildPhases = (
				D987C5472A469ED400E39590 /* Sources */,
				D987C5482A469ED400E39590 /* Frameworks */,
				D987C5492A469ED400E39590 /* Resources */,
			);
			buildRules = (
			);
			dependencies = (
			);
			name = Unuseful;
			productName = Unuseful;
			productReference = D987C54B2A469ED400E39590 /* Unuseful.app */;
			productType = "com.apple.product-type.application";
		};
		D987C55B2A469ED600E39590 /* UnusefulTests */ = {
			isa = PBXNativeTarget;
			buildConfigurationList = D987C5732A469ED600E39590 /* Build configuration list for PBXNativeTarget "UnusefulTests" */;
			buildPhases = (
				D987C5582A469ED600E39590 /* Sources */,
				D987C5592A469ED600E39590 /* Frameworks */,
				D987C55A2A469ED600E39590 /* Resources */,
			);
			buildRules = (
			);
			dependencies = (
				D987C55E2A469ED600E39590 /* PBXTargetDependency */,
			);
			name = UnusefulTests;
			productName = UnusefulTests;
			productReference = D987C55C2A469ED600E39590 /* UnusefulTests.xctest */;
			productType = "com.apple.product-type.bundle.unit-test";
		};
		D987C5652A469ED600E39590 /* UnusefulUITests */ = {
			isa = PBXNativeTarget;
			buildConfigurationList = D987C5762A469ED600E39590 /* Build configuration list for PBXNativeTarget "UnusefulUITests" */;
			buildPhases = (
				D987C5622A469ED600E39590 /* Sources */,
				D987C5632A469ED600E39590 /* Frameworks */,
				D987C5642A469ED600E39590 /* Resources */,
			);
			buildRules = (
			);
			dependencies = (
				D987C5682A469ED600E39590 /* PBXTargetDependency */,
			);
			name = UnusefulUITests;
			productName = UnusefulUITests;
			productReference = D987C5662A469ED600E39590 /* UnusefulUITests.xctest */;
			productType = "com.apple.product-type.bundle.ui-testing";
		};
/* End PBXNativeTarget section */

/* Begin PBXProject section */
		D987C5432A469ED400E39590 /* Project object */ = {
			isa = PBXProject;
			attributes = {
				BuildIndependentTargetsInParallel = 1;
				LastSwiftUpdateCheck = 1420;
				LastUpgradeCheck = 1420;
				TargetAttributes = {
					D987C54A2A469ED400E39590 = {
						CreatedOnToolsVersion = 14.2;
					};
					D987C55B2A469ED600E39590 = {
						CreatedOnToolsVersion = 14.2;
						TestTargetID = D987C54A2A469ED400E39590;
					};
					D987C5652A469ED600E39590 = {
						CreatedOnToolsVersion = 14.2;
						TestTargetID = D987C54A2A469ED400E39590;
					};
				};
			};
			buildConfigurationList = D987C5462A469ED400E39590 /* Build configuration list for PBXProject "Unuseful" */;
			compatibilityVersion = "Xcode 14.0";
			developmentRegion = en;
			hasScannedForEncodings = 0;
			knownRegions = (
				en,
				Base,
			);
			mainGroup = D987C5422A469ED400E39590;
			productRefGroup = D987C54C2A469ED400E39590 /* Products */;
			projectDirPath = "";
			projectRoot = "";
			targets = (
				D987C54A2A469ED400E39590 /* Unuseful */,
				D987C55B2A469ED600E39590 /* UnusefulTests */,
				D987C5652A469ED600E39590 /* UnusefulUITests */,
			);
		};
/* End PBXProject section */

/* Begin PBXResourcesBuildPhase section */
		D987C5492A469ED400E39590 /* Resources */ = {
			isa = PBXResourcesBuildPhase;
			buildActionMask = 2147483647;
			files = (
				D987C5572A469ED600E39590 /* Preview Assets.xcassets in Resources */,
				D987C5532A469ED600E39590 /* Assets.xcassets in Resources */,
			);
			runOnlyForDeploymentPostprocessing = 0;
		};
		D987C55A2A469ED600E39590 /* Resources */ = {
			isa = PBXResourcesBuildPhase;
			buildActionMask = 2147483647;
			files = (
			);
			runOnlyForDeploymentPostprocessing = 0;
		};
		D987C5642A469ED600E39590 /* Resources */ = {
			isa = PBXResourcesBuildPhase;
			buildActionMask = 2147483647;
			files = (
			);
			runOnlyForDeploymentPostprocessing = 0;
		};
/* End PBXResourcesBuildPhase section */

/* Begin PBXSourcesBuildPhase section */
		D987C5472A469ED400E39590 /* Sources */ = {
			isa = PBXSourcesBuildPhase;
			buildActionMask = 2147483647;
			files = (
				D9DADFF82A4EC71E0054E423 /* quoteView.swift in Sources */,
				D9DADFF42A4EC6DD0054E423 /* photoView.swift in Sources */,
				D987C5512A469ED400E39590 /* ContentView.swift in Sources */,
				D9DAE0332A4F26500054E423 /* creditView.swift in Sources */,
				D9DADFF62A4EC7110054E423 /* starView.swift in Sources */,
				D987C54F2A469ED400E39590 /* UnusefulApp.swift in Sources */,
				D9DAE0312A4F263D0054E423 /* homeView.swift in Sources */,
			);
			runOnlyForDeploymentPostprocessing = 0;
		};
		D987C5582A469ED600E39590 /* Sources */ = {
			isa = PBXSourcesBuildPhase;
			buildActionMask = 2147483647;
			files = (
				D987C5612A469ED600E39590 /* UnusefulTests.swift in Sources */,
			);
			runOnlyForDeploymentPostprocessing = 0;
		};
		D987C5622A469ED600E39590 /* Sources */ = {
			isa = PBXSourcesBuildPhase;
			buildActionMask = 2147483647;
			files = (
				D987C56D2A469ED600E39590 /* UnusefulUITestsLaunchTests.swift in Sources */,
				D987C56B2A469ED600E39590 /* UnusefulUITests.swift in Sources */,
			);
			runOnlyForDeploymentPostprocessing = 0;
		};
/* End PBXSourcesBuildPhase section */

/* Begin PBXTargetDependency section */
		D987C55E2A469ED600E39590 /* PBXTargetDependency */ = {
			isa = PBXTargetDependency;
			target = D987C54A2A469ED400E39590 /* Unuseful */;
			targetProxy = D987C55D2A469ED600E39590 /* PBXContainerItemProxy */;
		};
		D987C5682A469ED600E39590 /* PBXTargetDependency */ = {
			isa = PBXTargetDependency;
			target = D987C54A2A469ED400E39590 /* Unuseful */;
			targetProxy = D987C5672A469ED600E39590 /* PBXContainerItemProxy */;
		};
/* End PBXTargetDependency section */

/* Begin XCBuildConfiguration section */
		D987C56E2A469ED600E39590 /* Debug */ = {
			isa = XCBuildConfiguration;
			buildSettings = {
				ALWAYS_SEARCH_USER_PATHS = NO;
				CLANG_ANALYZER_NONNULL = YES;
				CLANG_ANALYZER_NUMBER_OBJECT_CONVERSION = YES_AGGRESSIVE;
				CLANG_CXX_LANGUAGE_STANDARD = "gnu++20";
				CLANG_ENABLE_MODULES = YES;
				CLANG_ENABLE_OBJC_ARC = YES;
				CLANG_ENABLE_OBJC_WEAK = YES;
				CLANG_WARN_BLOCK_CAPTURE_AUTORELEASING = YES;
				CLANG_WARN_BOOL_CONVERSION = YES;
				CLANG_WARN_COMMA = YES;
				CLANG_WARN_CONSTANT_CONVERSION = YES;
				CLANG_WARN_DEPRECATED_OBJC_IMPLEMENTATIONS = YES;
				CLANG_WARN_DIRECT_OBJC_ISA_USAGE = YES_ERROR;
				CLANG_WARN_DOCUMENTATION_COMMENTS = YES;
				CLANG_WARN_EMPTY_BODY = YES;
				CLANG_WARN_ENUM_CONVERSION = YES;
				CLANG_WARN_INFINITE_RECURSION = YES;
				CLANG_WARN_INT_CONVERSION = YES;
				CLANG_WARN_NON_LITERAL_NULL_CONVERSION = YES;
				CLANG_WARN_OBJC_IMPLICIT_RETAIN_SELF = YES;
				CLANG_WARN_OBJC_LITERAL_CONVERSION = YES;
				CLANG_WARN_OBJC_ROOT_CLASS = YES_ERROR;
				CLANG_WARN_QUOTED_INCLUDE_IN_FRAMEWORK_HEADER = YES;
				CLANG_WARN_RANGE_LOOP_ANALYSIS = YES;
				CLANG_WARN_STRICT_PROTOTYPES = YES;
				CLANG_WARN_SUSPICIOUS_MOVE = YES;
				CLANG_WARN_UNGUARDED_AVAILABILITY = YES_AGGRESSIVE;
				CLANG_WARN_UNREACHABLE_CODE = YES;
				CLANG_WARN__DUPLICATE_METHOD_MATCH = YES;
				COPY_PHASE_STRIP = NO;
				DEBUG_INFORMATION_FORMAT = dwarf;
				ENABLE_STRICT_OBJC_MSGSEND = YES;
				ENABLE_TESTABILITY = YES;
				GCC_C_LANGUAGE_STANDARD = gnu11;
				GCC_DYNAMIC_NO_PIC = NO;
				GCC_NO_COMMON_BLOCKS = YES;
				GCC_OPTIMIZATION_LEVEL = 0;
				GCC_PREPROCESSOR_DEFINITIONS = (
					"DEBUG=1",
					"$(inherited)",
				);
				GCC_WARN_64_TO_32_BIT_CONVERSION = YES;
				GCC_WARN_ABOUT_RETURN_TYPE = YES_ERROR;
				GCC_WARN_UNDECLARED_SELECTOR = YES;
				GCC_WARN_UNINITIALIZED_AUTOS = YES_AGGRESSIVE;
				GCC_WARN_UNUSED_FUNCTION = YES;
				GCC_WARN_UNUSED_VARIABLE = YES;
				MTL_ENABLE_DEBUG_INFO = INCLUDE_SOURCE;
				MTL_FAST_MATH = YES;
				ONLY_ACTIVE_ARCH = YES;
				SWIFT_ACTIVE_COMPILATION_CONDITIONS = DEBUG;
				SWIFT_OPTIMIZATION_LEVEL = "-Onone";
			};
			name = Debug;
		};
		D987C56F2A469ED600E39590 /* Release */ = {
			isa = XCBuildConfiguration;
			buildSettings = {
				ALWAYS_SEARCH_USER_PATHS = NO;
				CLANG_ANALYZER_NONNULL = YES;
				CLANG_ANALYZER_NUMBER_OBJECT_CONVERSION = YES_AGGRESSIVE;
				CLANG_CXX_LANGUAGE_STANDARD = "gnu++20";
				CLANG_ENABLE_MODULES = YES;
				CLANG_ENABLE_OBJC_ARC = YES;
				CLANG_ENABLE_OBJC_WEAK = YES;
				CLANG_WARN_BLOCK_CAPTURE_AUTORELEASING = YES;
				CLANG_WARN_BOOL_CONVERSION = YES;
				CLANG_WARN_COMMA = YES;
				CLANG_WARN_CONSTANT_CONVERSION = YES;
				CLANG_WARN_DEPRECATED_OBJC_IMPLEMENTATIONS = YES;
				CLANG_WARN_DIRECT_OBJC_ISA_USAGE = YES_ERROR;
				CLANG_WARN_DOCUMENTATION_COMMENTS = YES;
				CLANG_WARN_EMPTY_BODY = YES;
				CLANG_WARN_ENUM_CONVERSION = YES;
				CLANG_WARN_INFINITE_RECURSION = YES;
				CLANG_WARN_INT_CONVERSION = YES;
				CLANG_WARN_NON_LITERAL_NULL_CONVERSION = YES;
				CLANG_WARN_OBJC_IMPLICIT_RETAIN_SELF = YES;
				CLANG_WARN_OBJC_LITERAL_CONVERSION = YES;
				CLANG_WARN_OBJC_ROOT_CLASS = YES_ERROR;
				CLANG_WARN_QUOTED_INCLUDE_IN_FRAMEWORK_HEADER = YES;
				CLANG_WARN_RANGE_LOOP_ANALYSIS = YES;
				CLANG_WARN_STRICT_PROTOTYPES = YES;
				CLANG_WARN_SUSPICIOUS_MOVE = YES;
				CLANG_WARN_UNGUARDED_AVAILABILITY = YES_AGGRESSIVE;
				CLANG_WARN_UNREACHABLE_CODE = YES;
				CLANG_WARN__DUPLICATE_METHOD_MATCH = YES;
				COPY_PHASE_STRIP = NO;
				DEBUG_INFORMATION_FORMAT = "dwarf-with-dsym";
				ENABLE_NS_ASSERTIONS = NO;
				ENABLE_STRICT_OBJC_MSGSEND = YES;
				GCC_C_LANGUAGE_STANDARD = gnu11;
				GCC_NO_COMMON_BLOCKS = YES;
				GCC_WARN_64_TO_32_BIT_CONVERSION = YES;
				GCC_WARN_ABOUT_RETURN_TYPE = YES_ERROR;
				GCC_WARN_UNDECLARED_SELECTOR = YES;
				GCC_WARN_UNINITIALIZED_AUTOS = YES_AGGRESSIVE;
				GCC_WARN_UNUSED_FUNCTION = YES;
				GCC_WARN_UNUSED_VARIABLE = YES;
				MTL_ENABLE_DEBUG_INFO = NO;
				MTL_FAST_MATH = YES;
				SWIFT_COMPILATION_MODE = wholemodule;
				SWIFT_OPTIMIZATION_LEVEL = "-O";
			};
			name = Release;
		};
		D987C5712A469ED600E39590 /* Debug */ = {
			isa = XCBuildConfiguration;
			buildSettings = {
				ASSETCATALOG_COMPILER_APPICON_NAME = AppIcon;
				ASSETCATALOG_COMPILER_GLOBAL_ACCENT_COLOR_NAME = AccentColor;
				CODE_SIGN_ENTITLEMENTS = Unuseful/Unuseful.entitlements;
				CODE_SIGN_STYLE = Automatic;
				CURRENT_PROJECT_VERSION = 1;
				DEVELOPMENT_ASSET_PATHS = "\"Unuseful/Preview Content\"";
				ENABLE_PREVIEWS = YES;
				GENERATE_INFOPLIST_FILE = YES;
				"INFOPLIST_KEY_UIApplicationSceneManifest_Generation[sdk=iphoneos*]" = YES;
				"INFOPLIST_KEY_UIApplicationSceneManifest_Generation[sdk=iphonesimulator*]" = YES;
				"INFOPLIST_KEY_UIApplicationSupportsIndirectInputEvents[sdk=iphoneos*]" = YES;
				"INFOPLIST_KEY_UIApplicationSupportsIndirectInputEvents[sdk=iphonesimulator*]" = YES;
				"INFOPLIST_KEY_UILaunchScreen_Generation[sdk=iphoneos*]" = YES;
				"INFOPLIST_KEY_UILaunchScreen_Generation[sdk=iphonesimulator*]" = YES;
				"INFOPLIST_KEY_UIStatusBarStyle[sdk=iphoneos*]" = UIStatusBarStyleDefault;
				"INFOPLIST_KEY_UIStatusBarStyle[sdk=iphonesimulator*]" = UIStatusBarStyleDefault;
				INFOPLIST_KEY_UISupportedInterfaceOrientations_iPad = "UIInterfaceOrientationPortrait UIInterfaceOrientationPortraitUpsideDown UIInterfaceOrientationLandscapeLeft UIInterfaceOrientationLandscapeRight";
				INFOPLIST_KEY_UISupportedInterfaceOrientations_iPhone = "UIInterfaceOrientationPortrait UIInterfaceOrientationLandscapeLeft UIInterfaceOrientationLandscapeRight";
				IPHONEOS_DEPLOYMENT_TARGET = 16.2;
				LD_RUNPATH_SEARCH_PATHS = "@executable_path/Frameworks";
				"LD_RUNPATH_SEARCH_PATHS[sdk=macosx*]" = "@executable_path/../Frameworks";
				MACOSX_DEPLOYMENT_TARGET = 12.6;
				MARKETING_VERSION = 1.0;
				PRODUCT_BUNDLE_IDENTIFIER = comp.hntd.Unuseful;
				PRODUCT_NAME = "$(TARGET_NAME)";
				SDKROOT = auto;
				SUPPORTED_PLATFORMS = "iphoneos iphonesimulator";
				SUPPORTS_MACCATALYST = NO;
				SUPPORTS_MAC_DESIGNED_FOR_IPHONE_IPAD = NO;
				SWIFT_EMIT_LOC_STRINGS = YES;
				SWIFT_VERSION = 5.0;
				TARGETED_DEVICE_FAMILY = "1,2";
			};
			name = Debug;
		};
		D987C5722A469ED600E39590 /* Release */ = {
			isa = XCBuildConfiguration;
			buildSettings = {
				ASSETCATALOG_COMPILER_APPICON_NAME = AppIcon;
				ASSETCATALOG_COMPILER_GLOBAL_ACCENT_COLOR_NAME = AccentColor;
				CODE_SIGN_ENTITLEMENTS = Unuseful/Unuseful.entitlements;
				CODE_SIGN_STYLE = Automatic;
				CURRENT_PROJECT_VERSION = 1;
				DEVELOPMENT_ASSET_PATHS = "\"Unuseful/Preview Content\"";
				ENABLE_PREVIEWS = YES;
				GENERATE_INFOPLIST_FILE = YES;
				"INFOPLIST_KEY_UIApplicationSceneManifest_Generation[sdk=iphoneos*]" = YES;
				"INFOPLIST_KEY_UIApplicationSceneManifest_Generation[sdk=iphonesimulator*]" = YES;
				"INFOPLIST_KEY_UIApplicationSupportsIndirectInputEvents[sdk=iphoneos*]" = YES;
				"INFOPLIST_KEY_UIApplicationSupportsIndirectInputEvents[sdk=iphonesimulator*]" = YES;
				"INFOPLIST_KEY_UILaunchScreen_Generation[sdk=iphoneos*]" = YES;
				"INFOPLIST_KEY_UILaunchScreen_Generation[sdk=iphonesimulator*]" = YES;
				"INFOPLIST_KEY_UIStatusBarStyle[sdk=iphoneos*]" = UIStatusBarStyleDefault;
				"INFOPLIST_KEY_UIStatusBarStyle[sdk=iphonesimulator*]" = UIStatusBarStyleDefault;
				INFOPLIST_KEY_UISupportedInterfaceOrientations_iPad = "UIInterfaceOrientationPortrait UIInterfaceOrientationPortraitUpsideDown UIInterfaceOrientationLandscapeLeft UIInterfaceOrientationLandscapeRight";
				INFOPLIST_KEY_UISupportedInterfaceOrientations_iPhone = "UIInterfaceOrientationPortrait UIInterfaceOrientationLandscapeLeft UIInterfaceOrientationLandscapeRight";
				IPHONEOS_DEPLOYMENT_TARGET = 16.2;
				LD_RUNPATH_SEARCH_PATHS = "@executable_path/Frameworks";
				"LD_RUNPATH_SEARCH_PATHS[sdk=macosx*]" = "@executable_path/../Frameworks";
				MACOSX_DEPLOYMENT_TARGET = 12.6;
				MARKETING_VERSION = 1.0;
				PRODUCT_BUNDLE_IDENTIFIER = comp.hntd.Unuseful;
				PRODUCT_NAME = "$(TARGET_NAME)";
				SDKROOT = auto;
				SUPPORTED_PLATFORMS = "iphoneos iphonesimulator";
				SUPPORTS_MACCATALYST = NO;
				SUPPORTS_MAC_DESIGNED_FOR_IPHONE_IPAD = NO;
				SWIFT_EMIT_LOC_STRINGS = YES;
				SWIFT_VERSION = 5.0;
				TARGETED_DEVICE_FAMILY = "1,2";
			};
			name = Release;
		};
		D987C5742A469ED600E39590 /* Debug */ = {
			isa = XCBuildConfiguration;
			buildSettings = {
				ALWAYS_EMBED_SWIFT_STANDARD_LIBRARIES = YES;
				BUNDLE_LOADER = "$(TEST_HOST)";
				CODE_SIGN_STYLE = Automatic;
				CURRENT_PROJECT_VERSION = 1;
				GENERATE_INFOPLIST_FILE = YES;
				IPHONEOS_DEPLOYMENT_TARGET = 16.2;
				MACOSX_DEPLOYMENT_TARGET = 12.6;
				MARKETING_VERSION = 1.0;
				PRODUCT_BUNDLE_IDENTIFIER = comp.hntd.UnusefulTests;
				PRODUCT_NAME = "$(TARGET_NAME)";
				SDKROOT = auto;
				SUPPORTED_PLATFORMS = "iphoneos iphonesimulator macosx";
				SWIFT_EMIT_LOC_STRINGS = NO;
				SWIFT_VERSION = 5.0;
				TARGETED_DEVICE_FAMILY = "1,2";
				TEST_HOST = "$(BUILT_PRODUCTS_DIR)/Unuseful.app/$(BUNDLE_EXECUTABLE_FOLDER_PATH)/Unuseful";
			};
			name = Debug;
		};
		D987C5752A469ED600E39590 /* Release */ = {
			isa = XCBuildConfiguration;
			buildSettings = {
				ALWAYS_EMBED_SWIFT_STANDARD_LIBRARIES = YES;
				BUNDLE_LOADER = "$(TEST_HOST)";
				CODE_SIGN_STYLE = Automatic;
				CURRENT_PROJECT_VERSION = 1;
				GENERATE_INFOPLIST_FILE = YES;
				IPHONEOS_DEPLOYMENT_TARGET = 16.2;
				MACOSX_DEPLOYMENT_TARGET = 12.6;
				MARKETING_VERSION = 1.0;
				PRODUCT_BUNDLE_IDENTIFIER = comp.hntd.UnusefulTests;
				PRODUCT_NAME = "$(TARGET_NAME)";
				SDKROOT = auto;
				SUPPORTED_PLATFORMS = "iphoneos iphonesimulator macosx";
				SWIFT_EMIT_LOC_STRINGS = NO;
				SWIFT_VERSION = 5.0;
				TARGETED_DEVICE_FAMILY = "1,2";
				TEST_HOST = "$(BUILT_PRODUCTS_DIR)/Unuseful.app/$(BUNDLE_EXECUTABLE_FOLDER_PATH)/Unuseful";
			};
			name = Release;
		};
		D987C5772A469ED600E39590 /* Debug */ = {
			isa = XCBuildConfiguration;
			buildSettings = {
				ALWAYS_EMBED_SWIFT_STANDARD_LIBRARIES = YES;
				CODE_SIGN_STYLE = Automatic;
				CURRENT_PROJECT_VERSION = 1;
				GENERATE_INFOPLIST_FILE = YES;
				IPHONEOS_DEPLOYMENT_TARGET = 16.2;
				MACOSX_DEPLOYMENT_TARGET = 12.6;
				MARKETING_VERSION = 1.0;
				PRODUCT_BUNDLE_IDENTIFIER = comp.hntd.UnusefulUITests;
				PRODUCT_NAME = "$(TARGET_NAME)";
				SDKROOT = auto;
				SUPPORTED_PLATFORMS = "iphoneos iphonesimulator macosx";
				SWIFT_EMIT_LOC_STRINGS = NO;
				SWIFT_VERSION = 5.0;
				TARGETED_DEVICE_FAMILY = "1,2";
				TEST_TARGET_NAME = Unuseful;
			};
			name = Debug;
		};
		D987C5782A469ED600E39590 /* Release */ = {
			isa = XCBuildConfiguration;
			buildSettings = {
				ALWAYS_EMBED_SWIFT_STANDARD_LIBRARIES = YES;
				CODE_SIGN_STYLE = Automatic;
				CURRENT_PROJECT_VERSION = 1;
				GENERATE_INFOPLIST_FILE = YES;
				IPHONEOS_DEPLOYMENT_TARGET = 16.2;
				MACOSX_DEPLOYMENT_TARGET = 12.6;
				MARKETING_VERSION = 1.0;
				PRODUCT_BUNDLE_IDENTIFIER = comp.hntd.UnusefulUITests;
				PRODUCT_NAME = "$(TARGET_NAME)";
				SDKROOT = auto;
				SUPPORTED_PLATFORMS = "iphoneos iphonesimulator macosx";
				SWIFT_EMIT_LOC_STRINGS = NO;
				SWIFT_VERSION = 5.0;
				TARGETED_DEVICE_FAMILY = "1,2";
				TEST_TARGET_NAME = Unuseful;
			};
			name = Release;
		};
/* End XCBuildConfiguration section */

/* Begin XCConfigurationList section */
		D987C5462A469ED400E39590 /* Build configuration list for PBXProject "Unuseful" */ = {
			isa = XCConfigurationList;
			buildConfigurations = (
				D987C56E2A469ED600E39590 /* Debug */,
				D987C56F2A469ED600E39590 /* Release */,
			);
			defaultConfigurationIsVisible = 0;
			defaultConfigurationName = Release;
		};
		D987C5702A469ED600E39590 /* Build configuration list for PBXNativeTarget "Unuseful" */ = {
			isa = XCConfigurationList;
			buildConfigurations = (
				D987C5712A469ED600E39590 /* Debug */,
				D987C5722A469ED600E39590 /* Release */,
			);
			defaultConfigurationIsVisible = 0;
			defaultConfigurationName = Release;
		};
		D987C5732A469ED600E39590 /* Build configuration list for PBXNativeTarget "UnusefulTests" */ = {
			isa = XCConfigurationList;
			buildConfigurations = (
				D987C5742A469ED600E39590 /* Debug */,
				D987C5752A469ED600E39590 /* Release */,
			);
			defaultConfigurationIsVisible = 0;
			defaultConfigurationName = Release;
		};
		D987C5762A469ED600E39590 /* Build configuration list for PBXNativeTarget "UnusefulUITests" */ = {
			isa = XCConfigurationList;
			buildConfigurations = (
				D987C5772A469ED600E39590 /* Debug */,
				D987C5782A469ED600E39590 /* Release */,
			);
			defaultConfigurationIsVisible = 0;
			defaultConfigurationName = Release;
		};
/* End XCConfigurationList section */
	};
	rootObject = D987C5432A469ED400E39590 /* Project object */;
}
